schema_version: 1
algorithm: sha256
skills:
  - name: "ai-dev-workflow"
    path: "skills/ai-dev-workflow/SKILL.md"
    sha256: "2350135d894273dd43d9e4c3f990c30ac150a096323af0f628f63c55799e955f"
  - name: "project-ai-english-learning"
    path: "skills/project-ai-english-learning/SKILL.md"
    sha256: "a8713abfc731bf5f5892fba55bb00b8e6c3e4bfd0376ac56f0947acd5461fac1"
  - name: "role-architect"
    path: "skills/role-architect/SKILL.md"
    sha256: "ab389021fee6805f3279891f3ce0ce14aa7369630225866b24bcfd946d0e69ee"
  - name: "role-backend-dev"
    path: "skills/role-backend-dev/SKILL.md"
    sha256: "1042297ee36eb29864ed7ea8f5160efd4001809130a7572d385262980d6c2e1e"
  - name: "role-code-reviewer"
    path: "skills/role-code-reviewer/SKILL.md"
    sha256: "13061fbf3df6d65dc8f42ab2301d506b5e8a1bb96a85dc6129ddbc2fd95af115"
  - name: "role-data-engineer"
    path: "skills/role-data-engineer/SKILL.md"
    sha256: "4e70a1f0019ea2491922d95cdece69f2d504253f116124e2e530e0e05a352e71"
  - name: "role-devops"
    path: "skills/role-devops/SKILL.md"
    sha256: "f493511ebd7b8cc21c9a25ff734aafbd8545e5c5032a03ec60959de7d160f50a"
  - name: "role-frontend-dev"
    path: "skills/role-frontend-dev/SKILL.md"
    sha256: "f9857c67552b1119ee0209efdbe111e9420034f39af3dcb3100685964e8f9fce"
  - name: "role-market-researcher"
    path: "skills/role-market-researcher/SKILL.md"
    sha256: "894b5334ae6c15765c7b5a644179e8ea53f02673e7cacf1bae4d6b6777534098"
  - name: "role-pm"
    path: "skills/role-pm/SKILL.md"
    sha256: "441068a55e91f8f04d2629559b730bea300e7567527baffd9d8cbb0303683b62"
  - name: "role-product-manager"
    path: "skills/role-product-manager/SKILL.md"
    sha256: "c705705fd0afcf0ff1fb63248ef2d7b85525f71c464e02dfb3d48f32c870572a"
  - name: "role-qa"
    path: "skills/role-qa/SKILL.md"
    sha256: "b488b254299bc4abc1c98757832ffa921b0d6fde4779f6d0ceb68df3f35ea593"
  - name: "role-ui-designer"
    path: "skills/role-ui-designer/SKILL.md"
    sha256: "a1bcf70c010bf847ec8a94bbfb691b85d3f26d04aea2ff63d312dc9baa3c321d"
  - name: "workflow-project-init"
    path: "skills/workflow-project-init/SKILL.md"
    sha256: "f836c4a066e2d9f8f99ea2a30485b019d5bc31ff608e5b39ad3e120e099c21cb"
