schema_version: 1
algorithm: sha256
skills:
  - name: "ai-dev-workflow"
    path: "skills/ai-dev-workflow/SKILL.md"
    sha256: "af21d4f222f313f988dadf670d330565684cdcc46f35d292248f7f73dab7e020"
  - name: "project-ai-english-learning"
    path: "skills/project-ai-english-learning/SKILL.md"
    sha256: "0d087343beced7bbaa95971e8e91c6f87560f19d7c9df21c22cd0f8d5862a410"
  - name: "role-architect"
    path: "skills/role-architect/SKILL.md"
    sha256: "0e40b400545f369d07789b161e9db354ab891c90fe9c13757bfcf8e09146c516"
  - name: "role-backend-dev"
    path: "skills/role-backend-dev/SKILL.md"
    sha256: "4a0b9589f3aa1d5a6f1ab56b5df952516a9b5cf980d007c4485ba82106f4ff75"
  - name: "role-code-reviewer"
    path: "skills/role-code-reviewer/SKILL.md"
    sha256: "9b71a6eab9bc8393759faff812c56aef1d50089a998be3765f7572ea742c8045"
  - name: "role-data-engineer"
    path: "skills/role-data-engineer/SKILL.md"
    sha256: "b425e021acbaf243fd15c96dcfcc0db1b89aa63c70916e29afbbf21271d84346"
  - name: "role-devops"
    path: "skills/role-devops/SKILL.md"
    sha256: "662a7908c5415bfa96337321ca02682972ee4da1a2ccf4537f3a1b7c6cbc4401"
  - name: "role-frontend-dev"
    path: "skills/role-frontend-dev/SKILL.md"
    sha256: "0529b5074dbf026244647b30b73620b76aab0144af8c4a2ba1a137c19a5735ff"
  - name: "role-market-researcher"
    path: "skills/role-market-researcher/SKILL.md"
    sha256: "e09f8a540a14f9716e5c99a73239b122ce3cca8d9486db5ccbd16ec7bf5e752c"
  - name: "role-pm"
    path: "skills/role-pm/SKILL.md"
    sha256: "472f34623cac5b24a725c5f1f10e9ad070ee5b9faf6037572f2f72f4c44c2fc5"
  - name: "role-product-manager"
    path: "skills/role-product-manager/SKILL.md"
    sha256: "2a2da04e518d1abbc25c1fe2aeddc3a2309cac6dafe80d6608e4fcf5e88dfb6a"
  - name: "role-qa"
    path: "skills/role-qa/SKILL.md"
    sha256: "5584bd312ec5156cadb5908c33df39c2b6a91ec46782337adb03eee3a0241d01"
  - name: "role-ui-designer"
    path: "skills/role-ui-designer/SKILL.md"
    sha256: "b1625ae36b779cb731b6c3c09825a2f3aaadb7bd1ec8805f0a3ee614e8480c06"
  - name: "workflow-project-init"
    path: "skills/workflow-project-init/SKILL.md"
    sha256: "6f50e5c0cc010c639974489bfe310f8d69f53ab18b54b39fd77450cb0439bbac"
