schema_version: 1
algorithm: sha256
skills:
  - name: "ai-dev-workflow"
    path: "skills/ai-dev-workflow/SKILL.md"
    sha256: "e878bb5b23ba4d9449d5f471e545ef408c9a27b23464b99a9438109476623662"
  - name: "project-workflow-control-center"
    path: "skills/project-workflow-control-center/SKILL.md"
    sha256: "b43013cb70e4ed6204decb0b9566a8225f70640ec0cb231609f0f5e03327eb48"
  - name: "role-architect"
    path: "skills/role-architect/SKILL.md"
    sha256: "a726d9ccced7272b06d1fe6eb9f4a029b900855b260afe63cae18816779f5e61"
  - name: "role-backend-dev"
    path: "skills/role-backend-dev/SKILL.md"
    sha256: "317a8db2f890d51039fa62666dd27a774093ae915f9dbe730f6b4728fea9edc4"
  - name: "role-code-reviewer"
    path: "skills/role-code-reviewer/SKILL.md"
    sha256: "89de909bb0909aaa17ed332d09428546ebe424d28c918b257805f2d668e97b4a"
  - name: "role-data-engineer"
    path: "skills/role-data-engineer/SKILL.md"
    sha256: "a95ff4864487e421e620e22e5148e3e78d73b2be19346788f3797a1285d8a410"
  - name: "role-devops"
    path: "skills/role-devops/SKILL.md"
    sha256: "02b5110d79c85018c957cbdb3911464d54c388f56d6fcaea99d6ce6d7c0421e2"
  - name: "role-frontend-dev"
    path: "skills/role-frontend-dev/SKILL.md"
    sha256: "bb838c15b6ef33b11606758522fae700a7ad3c34895cbc8bfcc5537a3fef2553"
  - name: "role-market-researcher"
    path: "skills/role-market-researcher/SKILL.md"
    sha256: "f71ef10a52635c26956d79ab52f34ad1c39f901de38d72061dad085a5eeae476"
  - name: "role-pm"
    path: "skills/role-pm/SKILL.md"
    sha256: "d1aace84d9c9e670ef31c65f2905b475176ebcbb1d83f28ea5e93eb93d85213a"
  - name: "role-product-manager"
    path: "skills/role-product-manager/SKILL.md"
    sha256: "59b3fdbe3e77cf93850759e67ab1569d16d0d86ff8c575a30394ac95b39aa3f8"
  - name: "role-qa"
    path: "skills/role-qa/SKILL.md"
    sha256: "3d25d5f2c3c41eb8017978674fcf865c91cd02c19dc5e4542ff1e69da9ce3c6a"
  - name: "role-ui-designer"
    path: "skills/role-ui-designer/SKILL.md"
    sha256: "ba18ea59e9ea7881ccc969495f9a9e52236c2ef701cc3432e4f09eff21de004b"
  - name: "workflow-project-init"
    path: "skills/workflow-project-init/SKILL.md"
    sha256: "4daa326802ae12e2fa7e0bb4b0314c69f897d9ef99821fd5cba5918285552b04"
