schema_version: 1
algorithm: sha256
skills:
  - name: "ai-dev-workflow"
    path: "skills/ai-dev-workflow/SKILL.md"
    sha256: "a080db07312e0d97769ba97404a96da0cda1561e7d6813613ef596aee7163fe5"
  - name: "project-market-analysis-dev"
    path: "skills/project-market-analysis-dev/SKILL.md"
    sha256: "fedd64ee09ec7de05587ed6a6f9f0e0303833c69fa54d59efe165afbfe3e4233"
  - name: "role-architect"
    path: "skills/role-architect/SKILL.md"
    sha256: "752de737bb9ec8a50351b146498e30c3ab7ccf8272f2d8c3461551dc87b6fa3a"
  - name: "role-backend-dev"
    path: "skills/role-backend-dev/SKILL.md"
    sha256: "acd35c550b9d6c8f9bfc61983936a9af6dc020e7922f5ebbdcd88eca69af2fd1"
  - name: "role-code-reviewer"
    path: "skills/role-code-reviewer/SKILL.md"
    sha256: "b06ceb461a9ba8de60655f33b3a37c9735d261a4f18ada7822b7629ab9a345e7"
  - name: "role-data-engineer"
    path: "skills/role-data-engineer/SKILL.md"
    sha256: "2b58d420eba2557251ec6c388b78e290b0106794ff7b833b34fd7dc373c02d0e"
  - name: "role-devops"
    path: "skills/role-devops/SKILL.md"
    sha256: "76525f538e4e1b1324cd848f9b69be1e1fe7a6260f77f739a4f2cd15836ab851"
  - name: "role-frontend-dev"
    path: "skills/role-frontend-dev/SKILL.md"
    sha256: "2b33d8152485a5e78cb6111206d43e4e1448cc3501f206ea104d1c77af48f408"
  - name: "role-market-researcher"
    path: "skills/role-market-researcher/SKILL.md"
    sha256: "0328bf92adf7bdf5c85f8bc86d6deb1e6e7e18b8f5eccd86b6a69eb56ce2abb0"
  - name: "role-pm"
    path: "skills/role-pm/SKILL.md"
    sha256: "fc8ac600f45468fff4c132e11110c93c60bf18f239f7e0a651faffe6429d7735"
  - name: "role-product-manager"
    path: "skills/role-product-manager/SKILL.md"
    sha256: "490465b6ff439812d8c2157d85cca3d7a0083f3712b74ebaa92a4881582b3f53"
  - name: "role-qa"
    path: "skills/role-qa/SKILL.md"
    sha256: "6d353afbb71731233b286e40a487a0d3d510c77b8202feb4979bb6f8a3849e8c"
  - name: "role-ui-designer"
    path: "skills/role-ui-designer/SKILL.md"
    sha256: "dee49f71526cfb3d2ebbcff7c933221280e5dfa96d882a885f457ac04292bbd4"
  - name: "workflow-project-init"
    path: "skills/workflow-project-init/SKILL.md"
    sha256: "2dce49f0cde915f989c2da72bf20b653517d1c91e1b7282da13f1ec027c4a9c7"
