schema_version: 1
algorithm: sha256
skills:
  - name: "ai-dev-workflow"
    path: "skills/ai-dev-workflow/SKILL.md"
    sha256: "fd161aca9c096a6233dacc9c9790ffbd8d569058799d4fe135d9e8cd63ba7f7f"
  - name: "launch-projects"
    path: "skills/launch-projects/SKILL.md"
    sha256: "f1b2bb9c69a1d8194b1341a585dba205e3ddf8527fea35cb8089492d4cfaad75"
  - name: "project-ai-model-radar"
    path: "skills/project-ai-model-radar/SKILL.md"
    sha256: "eb5d1cb31a8f6da55b564381481af8878979b83ef71e8ce66d4c82658ddc4359"
  - name: "role-architect"
    path: "skills/role-architect/SKILL.md"
    sha256: "048718d977450194a45f356ae1f78091548aa8833ca78977ad8fbf7501ab4718"
  - name: "role-backend-dev"
    path: "skills/role-backend-dev/SKILL.md"
    sha256: "4269d5ca6ff7964cb89076d325694ad4d1aa1e5716ae789bfdb54f920cc41ff9"
  - name: "role-code-reviewer"
    path: "skills/role-code-reviewer/SKILL.md"
    sha256: "234b2c647f4c6d0e1aa869d750dc91a38a7761952fa702299e65a97f54949826"
  - name: "role-data-engineer"
    path: "skills/role-data-engineer/SKILL.md"
    sha256: "2777034403e3a5f295a06951f3eab0e08efc173a79f914eecd445454b799f101"
  - name: "role-devops"
    path: "skills/role-devops/SKILL.md"
    sha256: "f8e7996c36717e4f3534923eeeb9789cd7407a894ef220958ca7fc87f62dee4f"
  - name: "role-frontend-dev"
    path: "skills/role-frontend-dev/SKILL.md"
    sha256: "6f3785f08e9c735a392fc73a15458d764b326eb0fa6a512fa6b0fe485660ccc5"
  - name: "role-market-researcher"
    path: "skills/role-market-researcher/SKILL.md"
    sha256: "40d7a4f67e864365891f5c11c743394e66a1fb6e0a5dd7a73fde5b19a1532faa"
  - name: "role-pm"
    path: "skills/role-pm/SKILL.md"
    sha256: "ddb95a90578dbc0991d409b054f909c0752a5ca8306ed52a28dd7d42bffb1c33"
  - name: "role-product-manager"
    path: "skills/role-product-manager/SKILL.md"
    sha256: "f50de96ddcb68ac359278d0f7224995260ac0a7d6060b83072038031cddbed4c"
  - name: "role-qa"
    path: "skills/role-qa/SKILL.md"
    sha256: "7fff6edeab4a7d0e32a0ecc8349f54e601dcb2aa92454ddef7261506b5455fe3"
  - name: "role-ui-designer"
    path: "skills/role-ui-designer/SKILL.md"
    sha256: "b66971979a73439ad8eff2edae223763b0a0bca114c97f06d2de01e88b3b662d"
  - name: "workflow-project-init"
    path: "skills/workflow-project-init/SKILL.md"
    sha256: "f433af240462d5dd1d3b2ce5bc9321d6c02a001ecdc0d49ea83f923af14f56f6"
