schema_version: 1
algorithm: sha256
skills:
  - name: "ai-dev-workflow"
    path: "skills/ai-dev-workflow/SKILL.md"
    sha256: "e60d34e88a15630ae5970276dc99a286dddfaaaa004d0272d055c7e52e5b4ff2"
  - name: "project-ai-model-radar"
    path: "skills/project-ai-model-radar/SKILL.md"
    sha256: "e5c97bef92a9c44519dee1a345aa1617ca6e89598265f07c66bb211c5a266155"
  - name: "role-architect"
    path: "skills/role-architect/SKILL.md"
    sha256: "68a1a5d11b852062f7310bb813f5bc4cd9035bf1bf0e77baf3eb49951921430a"
  - name: "role-backend-dev"
    path: "skills/role-backend-dev/SKILL.md"
    sha256: "58c7be8f9ca2cf7b7a52e44de30a8ae5957e6851fecbfacf9e41c5cee396b4bb"
  - name: "role-code-reviewer"
    path: "skills/role-code-reviewer/SKILL.md"
    sha256: "9f6df4db0e68744017ee1e9d13b4cc87641760582814fed5f26fa37d32553663"
  - name: "role-data-engineer"
    path: "skills/role-data-engineer/SKILL.md"
    sha256: "8af4f79e05646b9a42a44b807374864489c583dff25a9cdf93209ed0f60e088c"
  - name: "role-devops"
    path: "skills/role-devops/SKILL.md"
    sha256: "71171603f44b653227dd97c40092cfd38662dfdc641e5b3a9f3d4142b68cf236"
  - name: "role-frontend-dev"
    path: "skills/role-frontend-dev/SKILL.md"
    sha256: "e8e3a64c7df57bf27fa13c385d96fbe36ebcc2e61878c08b0765da5777fe7065"
  - name: "role-market-researcher"
    path: "skills/role-market-researcher/SKILL.md"
    sha256: "17a0895b1fd140073fc722f61270f898ec8da90d8c56293887330f7497fae294"
  - name: "role-pm"
    path: "skills/role-pm/SKILL.md"
    sha256: "aa525d5b282f3fab0eddfc0ab38cbb7d3bef5c65017a3209126d4bc1d3eff948"
  - name: "role-product-manager"
    path: "skills/role-product-manager/SKILL.md"
    sha256: "9657b9d5b275d723c7de6021906b2c6addf66d4c8135c32af30abb8554fd87c1"
  - name: "role-qa"
    path: "skills/role-qa/SKILL.md"
    sha256: "1842263ee4f9844450f79b8471de2ae8a3ea7068f316baaea722034a75e2079c"
  - name: "role-ui-designer"
    path: "skills/role-ui-designer/SKILL.md"
    sha256: "9aceeeb1aa11de24ad38a117b25e153266b286326c5d06e7a822e3957f49688c"
  - name: "workflow-project-init"
    path: "skills/workflow-project-init/SKILL.md"
    sha256: "2cdc3668d8bc70824a446802150e4d64d22c1147b472f2e733d3f0d883d2c4c0"
