schema_version: 1
algorithm: sha256
skills:
  - name: "ai-dev-workflow"
    path: "skills/ai-dev-workflow/SKILL.md"
    sha256: "440810b8933700a80d738f4919506f90b941e5a245242706bd5f60aecb55f055"
  - name: "project-ai-english-learning"
    path: "skills/project-ai-english-learning/SKILL.md"
    sha256: "f3dcb48c5e5afbbb461e32d8f7f61164b7bba6fbd12a07a5cdbb871ffe1cd029"
  - name: "role-architect"
    path: "skills/role-architect/SKILL.md"
    sha256: "1b235b5ce46c196e6d1461b54779c1f2ce49661f93fcb565ab2c8834ca93514c"
  - name: "role-backend-dev"
    path: "skills/role-backend-dev/SKILL.md"
    sha256: "b08fdcc165477d2fa4108277f9d2379f8142834981f6b1fdb1bf3053954e7bd6"
  - name: "role-code-reviewer"
    path: "skills/role-code-reviewer/SKILL.md"
    sha256: "e7c79b5eda6f9b08f3dfeda4b4432ef316f2c632ccd47edcf3fd25c73fbbcbc3"
  - name: "role-data-engineer"
    path: "skills/role-data-engineer/SKILL.md"
    sha256: "577909339cb86a43f91f23abdd2b92f7e1d2986b0d5cdca426f4634c66d8d99d"
  - name: "role-devops"
    path: "skills/role-devops/SKILL.md"
    sha256: "d22f41e281c3f0c62ec7b3081460876d443136b40240d9fc5a1038e047040470"
  - name: "role-frontend-dev"
    path: "skills/role-frontend-dev/SKILL.md"
    sha256: "5ef135a2527f40781295ed996ae1af7d825058168f7b94407f911f908b38d41f"
  - name: "role-market-researcher"
    path: "skills/role-market-researcher/SKILL.md"
    sha256: "43f05c5c0e66ac57ffa3bc3c8ad19e5a51832ee4adbfd161acb5924b519acb2a"
  - name: "role-pm"
    path: "skills/role-pm/SKILL.md"
    sha256: "4440eab2dbc200ca49d0de2bacaed481b5aaff1d96d1bbc1926d6fa7b462f2bc"
  - name: "role-product-manager"
    path: "skills/role-product-manager/SKILL.md"
    sha256: "39edeae3d620120176a3f0f5c24325e55f7b8d8582e7f0e1bd4e003a65530007"
  - name: "role-qa"
    path: "skills/role-qa/SKILL.md"
    sha256: "459d9b22c19bee1c36235bf0fd552b04d1010ec692890f6e334e3a276642178b"
  - name: "role-ui-designer"
    path: "skills/role-ui-designer/SKILL.md"
    sha256: "142bd257be83c32091dbf381f296af528f797a1bcc82291f858e23cc7627f8eb"
  - name: "workflow-project-init"
    path: "skills/workflow-project-init/SKILL.md"
    sha256: "30298fc9dbd5040d935aa849f0f8d8dbbe9c57ded8b6b156a4ceae4e9b64851b"
